{
  "dependencies/forge-std": {
    "tag": {
      "name": "v1.9.6",
      "rev": "3b20d60d14b343ee4f908cb8079495c07f5e8981"
    }
  },
  "dependencies/openzeppelin-contracts": {
    "tag": {
      "name": "v5.4.0",
      "rev": "c64a1edb67b6e3f4a15cca8909c9482ad33a02b0"
    }
  },
  "dependencies/v4-core": {
    "tag": {
      "name": "v4.0.0",
      "rev": "e50237c43811bd9b526eff40f26772152a42daba"
    }
  }
}